Microsoft Visual Studio Solution File, Format Version 12.00
# Visual Studio Version 17
VisualStudioVersion = 17.5.2.0
MinimumVisualStudioVersion = 10.0.40219.1
Project("{FAE04EC0-301F-11D3-BF4B-00C04F79EFBC}") = "MyTodoListAPI", "MyTodoListAPI.csproj", "{821FCDDB-A52F-D26A-5E31-E218C3CE59FF}"
EndProject
Global
	GlobalSection(SolutionConfigurationPlatforms) = preSolution
		Debug|Any CPU = Debug|Any CPU
		Release|Any CPU = Release|Any CPU
	EndGlobalSection
	GlobalSection(ProjectConfigurationPlatforms) = postSolution
		{821FCDDB-A52F-D26A-5E31-E218C3CE59FF}.Debug|Any CPU.ActiveCfg = Debug|Any CPU
		{821FCDDB-A52F-D26A-5E31-E218C3CE59FF}.Debug|Any CPU.Build.0 = Debug|Any CPU
		{821FCDDB-A52F-D26A-5E31-E218C3CE59FF}.Release|Any CPU.ActiveCfg = Release|Any CPU
		{821FCDDB-A52F-D26A-5E31-E218C3CE59FF}.Release|Any CPU.Build.0 = Release|Any CPU
	EndGlobalSection
	GlobalSection(SolutionProperties) = preSolution
		HideSolutionNode = FALSE
	EndGlobalSection
	GlobalSection(ExtensibilityGlobals) = postSolution
		SolutionGuid = {47EDBCCC-1841-41CF-955D-5C0434C3AAB3}
	EndGlobalSection
EndGlobal
